
Microsoft Visual Studio Solution File, Format Version 12.00
# Visual Studio 15
VisualStudioVersion = 15.0.27428.2037
MinimumVisualStudioVersion = 10.0.40219.1
Project("{FAE04EC0-301F-11D3-BF4B-00C04F79EFBC}") = "mycompiler", "mycompiler\mycompiler.csproj", "{36E5AC15-4BAD-439C-B92E-C6465D76F75E}"
EndProject
Global
	GlobalSection(SolutionConfigurationPlatforms) = preSolution
		Debug|Any CPU = Debug|Any CPU
		Release|Any CPU = Release|Any CPU
	EndGlobalSection
	GlobalSection(ProjectConfigurationPlatforms) = postSolution
		{36E5AC15-4BAD-439C-B92E-C6465D76F75E}.Debug|Any CPU.ActiveCfg = Debug|Any CPU
		{36E5AC15-4BAD-439C-B92E-C6465D76F75E}.Debug|Any CPU.Build.0 = Debug|Any CPU
		{36E5AC15-4BAD-439C-B92E-C6465D76F75E}.Release|Any CPU.ActiveCfg = Release|Any CPU
		{36E5AC15-4BAD-439C-B92E-C6465D76F75E}.Release|Any CPU.Build.0 = Release|Any CPU
	EndGlobalSection
	GlobalSection(SolutionProperties) = preSolution
		HideSolutionNode = FALSE
	EndGlobalSection
	GlobalSection(ExtensibilityGlobals) = postSolution
		SolutionGuid = {7DE3EF6C-FAF6-4A95-8CB5-A605D251D0D8}
	EndGlobalSection
EndGlobal
